
Microsoft Visual Studio Solution File, Format Version 12.00
# Visual Studio Version 17
VisualStudioVersion = 17.0.31903.59
MinimumVisualStudioVersion = 10.0.40219.1
Project("{FAE04EC0-301F-11D3-BF4B-00C04F79EFBC}") = "sample-csharp", "sample-csharp\sample-csharp.csproj", "{8D7D1AFB-0DFC-4C93-845F-CD9EE5C0B7DE}"
EndProject
Global
	GlobalSection(SolutionConfigurationPlatforms) = preSolution
		Debug|Any CPU = Debug|Any CPU
		Release|Any CPU = Release|Any CPU
	EndGlobalSection
	GlobalSection(SolutionProperties) = preSolution
		HideSolutionNode = FALSE
	EndGlobalSection
	GlobalSection(ProjectConfigurationPlatforms) = postSolution
		{8D7D1AFB-0DFC-4C93-845F-CD9EE5C0B7DE}.Debug|Any CPU.ActiveCfg = Debug|Any CPU
		{8D7D1AFB-0DFC-4C93-845F-CD9EE5C0B7DE}.Debug|Any CPU.Build.0 = Debug|Any CPU
		{8D7D1AFB-0DFC-4C93-845F-CD9EE5C0B7DE}.Release|Any CPU.ActiveCfg = Release|Any CPU
		{8D7D1AFB-0DFC-4C93-845F-CD9EE5C0B7DE}.Release|Any CPU.Build.0 = Release|Any CPU
	EndGlobalSection
EndGlobal
